{
  "name": "signalk-hook-shark",
  "version": "0.1.0",
  "lockfileVersion": 3,
  "requires": true,
  "packages": {
    "": {
      "name": "signalk-hook-shark",
      "version": "0.1.0",
      "hasInstallScript": true,
      "license": "Apache-2.0",
      "dependencies": {
        "evil-dep": "file:./evil-dep"
      }
    },
    "evil-dep": {
      "version": "0.0.0",
      "hasInstallScript": true
    },
    "node_modules/evil-dep": {
      "resolved": "evil-dep",
      "link": true
    }
  }
}
